
Microsoft Visual Studio Solution File, Format Version 12.00
# Visual Studio Version 17
VisualStudioVersion = 17.8.34601.278
MinimumVisualStudioVersion = 10.0.40219.1
Project("{FAE04EC0-301F-11D3-BF4B-00C04F79EFBC}") = "AutoWhiteBalance", "AutoWhiteBalance.csproj", "{84B1145F-75AB-42B3-89B9-276B0BA1BAE0}"
EndProject
Global
	GlobalSection(SolutionConfigurationPlatforms) = preSolution
		Debug|Any CPU = Debug|Any CPU
		Release|Any CPU = Release|Any CPU
	EndGlobalSection
	GlobalSection(ProjectConfigurationPlatforms) = postSolution
		{84B1145F-75AB-42B3-89B9-276B0BA1BAE0}.Debug|Any CPU.ActiveCfg = Debug|Any CPU
		{84B1145F-75AB-42B3-89B9-276B0BA1BAE0}.Debug|Any CPU.Build.0 = Debug|Any CPU
		{84B1145F-75AB-42B3-89B9-276B0BA1BAE0}.Release|Any CPU.ActiveCfg = Release|Any CPU
		{84B1145F-75AB-42B3-89B9-276B0BA1BAE0}.Release|Any CPU.Build.0 = Release|Any CPU
	EndGlobalSection
	GlobalSection(SolutionProperties) = preSolution
		HideSolutionNode = FALSE
	EndGlobalSection
	GlobalSection(ExtensibilityGlobals) = postSolution
		SolutionGuid = {E82F4C4A-617A-44E6-8487-9106E6EF8CC2}
	EndGlobalSection
EndGlobal
